Microsoft Visual Studio Solution File, Format Version 11.00
# Visual Studio 2008

Project("{5799C63F-E4E5-7437-78B5-9535BA738F88}") = "cikebar", "Assembly-CSharp-firstpass.csproj", "{4DE8D96E-B67A-EFD1-6BD2-F750C1BCE4C4}"
EndProject
Project("{5799C63F-E4E5-7437-78B5-9535BA738F88}") = "cikebar", "Assembly-CSharp.csproj", "{E576A8A1-C75C-F86A-6225-4166D3BB64A1}"
EndProject
Project("{5799C63F-E4E5-7437-78B5-9535BA738F88}") = "cikebar", "Assembly-UnityScript-firstpass.unityproj", "{C144B525-A362-107A-0DA1-6A19882DD887}"
EndProject
Project("{5799C63F-E4E5-7437-78B5-9535BA738F88}") = "cikebar", "Assembly-UnityScript.unityproj", "{CBCA1CAC-45E6-1675-C36C-86B37AA186C1}"
EndProject
Global
	GlobalSection(SolutionConfigurationPlatforms) = preSolution
		Debug|Any CPU = Debug|Any CPU
		Release|Any CPU = Release|Any CPU
	EndGlobalSection
	GlobalSection(ProjectConfigurationPlatforms) = postSolution
		{4DE8D96E-B67A-EFD1-6BD2-F750C1BCE4C4}.Debug|Any CPU.ActiveCfg = Debug|Any CPU
		{4DE8D96E-B67A-EFD1-6BD2-F750C1BCE4C4}.Debug|Any CPU.Build.0 = Debug|Any CPU
		{4DE8D96E-B67A-EFD1-6BD2-F750C1BCE4C4}.Release|Any CPU.ActiveCfg = Release|Any CPU
		{4DE8D96E-B67A-EFD1-6BD2-F750C1BCE4C4}.Release|Any CPU.Build.0 = Release|Any CPU
		{E576A8A1-C75C-F86A-6225-4166D3BB64A1}.Debug|Any CPU.ActiveCfg = Debug|Any CPU
		{E576A8A1-C75C-F86A-6225-4166D3BB64A1}.Debug|Any CPU.Build.0 = Debug|Any CPU
		{E576A8A1-C75C-F86A-6225-4166D3BB64A1}.Release|Any CPU.ActiveCfg = Release|Any CPU
		{E576A8A1-C75C-F86A-6225-4166D3BB64A1}.Release|Any CPU.Build.0 = Release|Any CPU
		{C144B525-A362-107A-0DA1-6A19882DD887}.Debug|Any CPU.ActiveCfg = Debug|Any CPU
		{C144B525-A362-107A-0DA1-6A19882DD887}.Debug|Any CPU.Build.0 = Debug|Any CPU
		{C144B525-A362-107A-0DA1-6A19882DD887}.Release|Any CPU.ActiveCfg = Release|Any CPU
		{C144B525-A362-107A-0DA1-6A19882DD887}.Release|Any CPU.Build.0 = Release|Any CPU
		{CBCA1CAC-45E6-1675-C36C-86B37AA186C1}.Debug|Any CPU.ActiveCfg = Debug|Any CPU
		{CBCA1CAC-45E6-1675-C36C-86B37AA186C1}.Debug|Any CPU.Build.0 = Debug|Any CPU
		{CBCA1CAC-45E6-1675-C36C-86B37AA186C1}.Release|Any CPU.ActiveCfg = Release|Any CPU
		{CBCA1CAC-45E6-1675-C36C-86B37AA186C1}.Release|Any CPU.Build.0 = Release|Any CPU
	EndGlobalSection
	GlobalSection(SolutionProperties) = preSolution
		HideSolutionNode = FALSE
	EndGlobalSection
				GlobalSection(MonoDevelopProperties) = preSolution
		StartupItem = Assembly-CSharp.csproj
		Policies = $0
		$0.TextStylePolicy = $1
		$1.inheritsSet = null
		$1.scope = text/x-csharp
		$0.CSharpFormattingPolicy = $2
		$2.inheritsSet = Mono
		$2.inheritsScope = text/x-csharp
		$2.scope = text/x-csharp
		$0.TextStylePolicy = $3
		$3.FileWidth = 120
		$3.TabWidth = 4
		$3.EolMarker = Unix
		$3.inheritsSet = Mono
		$3.inheritsScope = text/plain
		$3.scope = text/plain
	EndGlobalSection

EndGlobal
